
Microsoft Visual Studio Solution File, Format Version 12.00
# Visual Studio 15
VisualStudioVersion = 15.0.28307.168
MinimumVisualStudioVersion = 10.0.40219.1
Project("{FAE04EC0-301F-11D3-BF4B-00C04F79EFBC}") = "c0727100week04", "c0727100week04\c0727100week04.csproj", "{4D5F9A1D-6913-4337-A43C-7090689294F8}"
EndProject
Global
	GlobalSection(SolutionConfigurationPlatforms) = preSolution
		Debug|Any CPU = Debug|Any CPU
		Release|Any CPU = Release|Any CPU
	EndGlobalSection
	GlobalSection(ProjectConfigurationPlatforms) = postSolution
		{4D5F9A1D-6913-4337-A43C-7090689294F8}.Debug|Any CPU.ActiveCfg = Debug|Any CPU
		{4D5F9A1D-6913-4337-A43C-7090689294F8}.Debug|Any CPU.Build.0 = Debug|Any CPU
		{4D5F9A1D-6913-4337-A43C-7090689294F8}.Release|Any CPU.ActiveCfg = Release|Any CPU
		{4D5F9A1D-6913-4337-A43C-7090689294F8}.Release|Any CPU.Build.0 = Release|Any CPU
	EndGlobalSection
	GlobalSection(SolutionProperties) = preSolution
		HideSolutionNode = FALSE
	EndGlobalSection
	GlobalSection(ExtensibilityGlobals) = postSolution
		SolutionGuid = {27842B92-1DFD-4D41-BF8D-797FFCA81EDE}
	EndGlobalSection
EndGlobal
